// !$*UTF8*$!
{
	archiveVersion = 1;
	classes = {
	};
	objectVersion = 46;
	objects = {

/* Begin PBXBuildFile section */
		63BD1AEDE79E4DC1B7FE08B1 /* libPods.a in Frameworks */ = {isa = PBXBuildFile; fileRef = C4CA2515C78B486D9570576B /* libPods.a */; };
		AB2317961958E8BC00918745 /* ProjectsViewController.m in Sources */ = {isa = PBXBuildFile; fileRef = AB2317951958E8BC00918745 /* ProjectsViewController.m */; };
		AB2317991958EC9500918745 /* DeploymentsViewController.m in Sources */ = {isa = PBXBuildFile; fileRef = AB2317981958EC9500918745 /* DeploymentsViewController.m */; };
		AB23179C1958ECA400918745 /* SystemsViewController.m in Sources */ = {isa = PBXBuildFile; fileRef = AB23179B1958ECA400918745 /* SystemsViewController.m */; };
		AB23179F1958ED0900918745 /* LogicalDevicesViewController.m in Sources */ = {isa = PBXBuildFile; fileRef = AB23179E1958ED0900918745 /* LogicalDevicesViewController.m */; };
		AB2317A1195A28D700918745 /* AppledocSettings.plist in Resources */ = {isa = PBXBuildFile; fileRef = AB2317A0195A28D700918745 /* AppledocSettings.plist */; };
		AB3B6AB119217BB800E51C7B /* DetailViewController.m in Sources */ = {isa = PBXBuildFile; fileRef = AB3B6AAF19217BB800E51C7B /* DetailViewController.m */; };
		AB3B861919105A8000040DD5 /* Component.m in Sources */ = {isa = PBXBuildFile; fileRef = AB3B861819105A8000040DD5 /* Component.m */; };
		AB3B861C19105A8000040DD5 /* Deployment.m in Sources */ = {isa = PBXBuildFile; fileRef = AB3B861B19105A8000040DD5 /* Deployment.m */; };
		AB3B861F19105A8000040DD5 /* LogicalDevice.m in Sources */ = {isa = PBXBuildFile; fileRef = AB3B861E19105A8000040DD5 /* LogicalDevice.m */; };
		AB3B862219105A8000040DD5 /* Project.m in Sources */ = {isa = PBXBuildFile; fileRef = AB3B862119105A8000040DD5 /* Project.m */; };
		AB3B862519105A8000040DD5 /* System.m in Sources */ = {isa = PBXBuildFile; fileRef = AB3B862419105A8000040DD5 /* System.m */; };
		AB3B862819105A8000040DD5 /* Person.m in Sources */ = {isa = PBXBuildFile; fileRef = AB3B862719105A8000040DD5 /* Person.m */; };
		AB3B862B19105A8000040DD5 /* ServiceEntry.m in Sources */ = {isa = PBXBuildFile; fileRef = AB3B862A19105A8000040DD5 /* ServiceEntry.m */; };
		AB41434E198FF6E9006A8847 /* CurrentComponentViewController.m in Sources */ = {isa = PBXBuildFile; fileRef = AB41434B198FF6E9006A8847 /* CurrentComponentViewController.m */; };
		AB41434F198FF6E9006A8847 /* ComponentsViewController.m in Sources */ = {isa = PBXBuildFile; fileRef = AB41434C198FF6E9006A8847 /* ComponentsViewController.m */; };
		AB4CFEB818F5D3470052F590 /* Foundation.framework in Frameworks */ = {isa = PBXBuildFile; fileRef = AB4CFEB718F5D3470052F590 /* Foundation.framework */; };
		AB4CFEBA18F5D3470052F590 /* CoreGraphics.framework in Frameworks */ = {isa = PBXBuildFile; fileRef = AB4CFEB918F5D3470052F590 /* CoreGraphics.framework */; };
		AB4CFEBC18F5D3470052F590 /* UIKit.framework in Frameworks */ = {isa = PBXBuildFile; fileRef = AB4CFEBB18F5D3470052F590 /* UIKit.framework */; };
		AB4CFEBE18F5D3470052F590 /* CoreData.framework in Frameworks */ = {isa = PBXBuildFile; fileRef = AB4CFEBD18F5D3470052F590 /* CoreData.framework */; };
		AB4CFEC418F5D3470052F590 /* InfoPlist.strings in Resources */ = {isa = PBXBuildFile; fileRef = AB4CFEC218F5D3470052F590 /* InfoPlist.strings */; };
		AB4CFEC618F5D3470052F590 /* main.m in Sources */ = {isa = PBXBuildFile; fileRef = AB4CFEC518F5D3470052F590 /* main.m */; };
		AB4CFECA18F5D3470052F590 /* AppDelegate.m in Sources */ = {isa = PBXBuildFile; fileRef = AB4CFEC918F5D3470052F590 /* AppDelegate.m */; };
		AB4CFECD18F5D3470052F590 /* Main_iPhone.storyboard in Resources */ = {isa = PBXBuildFile; fileRef = AB4CFECB18F5D3470052F590 /* Main_iPhone.storyboard */; };
		AB4CFED018F5D3470052F590 /* Main_iPad.storyboard in Resources */ = {isa = PBXBuildFile; fileRef = AB4CFECE18F5D3470052F590 /* Main_iPad.storyboard */; };
		AB4CFED318F5D3470052F590 /* Field_QA.xcdatamodeld in Sources */ = {isa = PBXBuildFile; fileRef = AB4CFED118F5D3470052F590 /* Field_QA.xcdatamodeld */; };
		AB4CFEDB18F5D3470052F590 /* Images.xcassets in Resources */ = {isa = PBXBuildFile; fileRef = AB4CFEDA18F5D3470052F590 /* Images.xcassets */; };
		AB4CFEE218F5D3470052F590 /* XCTest.framework in Frameworks */ = {isa = PBXBuildFile; fileRef = AB4CFEE118F5D3470052F590 /* XCTest.framework */; };
		AB4CFEE318F5D3470052F590 /* Foundation.framework in Frameworks */ = {isa = PBXBuildFile; fileRef = AB4CFEB718F5D3470052F590 /* Foundation.framework */; };
		AB4CFEE418F5D3470052F590 /* UIKit.framework in Frameworks */ = {isa = PBXBuildFile; fileRef = AB4CFEBB18F5D3470052F590 /* UIKit.framework */; };
		AB4CFEE518F5D3470052F590 /* CoreData.framework in Frameworks */ = {isa = PBXBuildFile; fileRef = AB4CFEBD18F5D3470052F590 /* CoreData.framework */; };
		AB4CFEED18F5D3470052F590 /* InfoPlist.strings in Resources */ = {isa = PBXBuildFile; fileRef = AB4CFEEB18F5D3470052F590 /* InfoPlist.strings */; };
		AB4CFEEF18F5D3470052F590 /* Field_QATests.m in Sources */ = {isa = PBXBuildFile; fileRef = AB4CFEEE18F5D3470052F590 /* Field_QATests.m */; };
		AB8DDFFF18FF0E47005A1093 /* MasterViewController.m in Sources */ = {isa = PBXBuildFile; fileRef = AB8DDFFE18FF0E47005A1093 /* MasterViewController.m */; };
		AB964A96195DF67100E3F1FD /* DeploymentDetailViewController.m in Sources */ = {isa = PBXBuildFile; fileRef = AB964A95195DF67100E3F1FD /* DeploymentDetailViewController.m */; };
		AB964A99195DF68100E3F1FD /* SystemDetailViewController.m in Sources */ = {isa = PBXBuildFile; fileRef = AB964A98195DF68100E3F1FD /* SystemDetailViewController.m */; };
		AB964A9C195DF69500E3F1FD /* LogicalDeviceDetailViewController.m in Sources */ = {isa = PBXBuildFile; fileRef = AB964A9B195DF69500E3F1FD /* LogicalDeviceDetailViewController.m */; };
		ABABC67D194784FA003B37B7 /* NSString+TNNormalize.m in Sources */ = {isa = PBXBuildFile; fileRef = ABABC67C194784FA003B37B7 /* NSString+TNNormalize.m */; };
		ABC6FB5018FC60B4001E6420 /* ImageToDataTransformer.m in Sources */ = {isa = PBXBuildFile; fileRef = ABC6FB4F18FC60B4001E6420 /* ImageToDataTransformer.m */; };
		ABC6FB5C18FC7A9F001E6420 /* TextFieldTableViewCell.m in Sources */ = {isa = PBXBuildFile; fileRef = ABC6FB5B18FC7A9F001E6420 /* TextFieldTableViewCell.m */; };
		ABC6FB5E18FC7ABD001E6420 /* TextFieldTableViewCell.xib in Resources */ = {isa = PBXBuildFile; fileRef = ABC6FB5D18FC7ABD001E6420 /* TextFieldTableViewCell.xib */; };
		ABF5C078195CCAB500F82F9B /* ProjectDetailViewController.m in Sources */ = {isa = PBXBuildFile; fileRef = ABF5C077195CCAB500F82F9B /* ProjectDetailViewController.m */; };
/* End PBXBuildFile section */

/* Begin PBXContainerItemProxy section */
		AB4CFEE618F5D3470052F590 /* PBXContainerItemProxy */ = {
			isa = PBXContainerItemProxy;
			containerPortal = AB4CFEAC18F5D3470052F590 /* Project object */;
			proxyType = 1;
			remoteGlobalIDString = AB4CFEB318F5D3470052F590;
			remoteInfo = "Field QA";
		};
/* End PBXContainerItemProxy section */

/* Begin PBXFileReference section */
		2A6A8C0C7BF34DA58020B80B /* Pods.xcconfig */ = {isa = PBXFileReference; includeInIndex = 1; lastKnownFileType = text.xcconfig; name = Pods.xcconfig; path = Pods/Pods.xcconfig; sourceTree = "<group>"; };
		AB2317941958E8BC00918745 /* ProjectsViewController.h */ = {isa = PBXFileReference; fileEncoding = 4; lastKnownFileType = sourcecode.c.h; path = ProjectsViewController.h; sourceTree = "<group>"; };
		AB2317951958E8BC00918745 /* ProjectsViewController.m */ = {isa = PBXFileReference; fileEncoding = 4; lastKnownFileType = sourcecode.c.objc; path = ProjectsViewController.m; sourceTree = "<group>"; };
		AB2317971958EC9500918745 /* DeploymentsViewController.h */ = {isa = PBXFileReference; fileEncoding = 4; lastKnownFileType = sourcecode.c.h; path = DeploymentsViewController.h; sourceTree = "<group>"; };
		AB2317981958EC9500918745 /* DeploymentsViewController.m */ = {isa = PBXFileReference; fileEncoding = 4; lastKnownFileType = sourcecode.c.objc; path = DeploymentsViewController.m; sourceTree = "<group>"; };
		AB23179A1958ECA400918745 /* SystemsViewController.h */ = {isa = PBXFileReference; fileEncoding = 4; lastKnownFileType = sourcecode.c.h; path = SystemsViewController.h; sourceTree = "<group>"; };
		AB23179B1958ECA400918745 /* SystemsViewController.m */ = {isa = PBXFileReference; fileEncoding = 4; lastKnownFileType = sourcecode.c.objc; path = SystemsViewController.m; sourceTree = "<group>"; };
		AB23179D1958ED0900918745 /* LogicalDevicesViewController.h */ = {isa = PBXFileReference; fileEncoding = 4; lastKnownFileType = sourcecode.c.h; path = LogicalDevicesViewController.h; sourceTree = "<group>"; };
		AB23179E1958ED0900918745 /* LogicalDevicesViewController.m */ = {isa = PBXFileReference; fileEncoding = 4; lastKnownFileType = sourcecode.c.objc; path = LogicalDevicesViewController.m; sourceTree = "<group>"; };
		AB2317A0195A28D700918745 /* AppledocSettings.plist */ = {isa = PBXFileReference; fileEncoding = 4; lastKnownFileType = text.plist.xml; path = AppledocSettings.plist; sourceTree = "<group>"; };
		AB3B6AAF19217BB800E51C7B /* DetailViewController.m */ = {isa = PBXFileReference; fileEncoding = 4; lastKnownFileType = sourcecode.c.objc; path = DetailViewController.m; sourceTree = "<group>"; };
		AB3B6AB019217BB800E51C7B /* DetailViewController.h */ = {isa = PBXFileReference; fileEncoding = 4; lastKnownFileType = sourcecode.c.h; path = DetailViewController.h; sourceTree = "<group>"; };
		AB3B861719105A8000040DD5 /* Component.h */ = {isa = PBXFileReference; fileEncoding = 4; lastKnownFileType = sourcecode.c.h; path = Component.h; sourceTree = "<group>"; };
		AB3B861819105A8000040DD5 /* Component.m */ = {isa = PBXFileReference; fileEncoding = 4; lastKnownFileType = sourcecode.c.objc; path = Component.m; sourceTree = "<group>"; };
		AB3B861A19105A8000040DD5 /* Deployment.h */ = {isa = PBXFileReference; fileEncoding = 4; lastKnownFileType = sourcecode.c.h; path = Deployment.h; sourceTree = "<group>"; };
		AB3B861B19105A8000040DD5 /* Deployment.m */ = {isa = PBXFileReference; fileEncoding = 4; lastKnownFileType = sourcecode.c.objc; path = Deployment.m; sourceTree = "<group>"; };
		AB3B861D19105A8000040DD5 /* LogicalDevice.h */ = {isa = PBXFileReference; fileEncoding = 4; lastKnownFileType = sourcecode.c.h; path = LogicalDevice.h; sourceTree = "<group>"; };
		AB3B861E19105A8000040DD5 /* LogicalDevice.m */ = {isa = PBXFileReference; fileEncoding = 4; lastKnownFileType = sourcecode.c.objc; path = LogicalDevice.m; sourceTree = "<group>"; };
		AB3B862019105A8000040DD5 /* Project.h */ = {isa = PBXFileReference; fileEncoding = 4; lastKnownFileType = sourcecode.c.h; path = Project.h; sourceTree = "<group>"; };
		AB3B862119105A8000040DD5 /* Project.m */ = {isa = PBXFileReference; fileEncoding = 4; lastKnownFileType = sourcecode.c.objc; path = Project.m; sourceTree = "<group>"; };
		AB3B862319105A8000040DD5 /* System.h */ = {isa = PBXFileReference; fileEncoding = 4; lastKnownFileType = sourcecode.c.h; path = System.h; sourceTree = "<group>"; };
		AB3B862419105A8000040DD5 /* System.m */ = {isa = PBXFileReference; fileEncoding = 4; lastKnownFileType = sourcecode.c.objc; path = System.m; sourceTree = "<group>"; };
		AB3B862619105A8000040DD5 /* Person.h */ = {isa = PBXFileReference; fileEncoding = 4; lastKnownFileType = sourcecode.c.h; path = Person.h; sourceTree = "<group>"; };
		AB3B862719105A8000040DD5 /* Person.m */ = {isa = PBXFileReference; fileEncoding = 4; lastKnownFileType = sourcecode.c.objc; path = Person.m; sourceTree = "<group>"; };
		AB3B862919105A8000040DD5 /* ServiceEntry.h */ = {isa = PBXFileReference; fileEncoding = 4; lastKnownFileType = sourcecode.c.h; path = ServiceEntry.h; sourceTree = "<group>"; };
		AB3B862A19105A8000040DD5 /* ServiceEntry.m */ = {isa = PBXFileReference; fileEncoding = 4; lastKnownFileType = sourcecode.c.objc; path = ServiceEntry.m; sourceTree = "<group>"; };
		AB41434A198FF6E9006A8847 /* CurrentComponentViewController.h */ = {isa = PBXFileReference; fileEncoding = 4; lastKnownFileType = sourcecode.c.h; path = CurrentComponentViewController.h; sourceTree = "<group>"; };
		AB41434B198FF6E9006A8847 /* CurrentComponentViewController.m */ = {isa = PBXFileReference; fileEncoding = 4; lastKnownFileType = sourcecode.c.objc; path = CurrentComponentViewController.m; sourceTree = "<group>"; };
		AB41434C198FF6E9006A8847 /* ComponentsViewController.m */ = {isa = PBXFileReference; fileEncoding = 4; lastKnownFileType = sourcecode.c.objc; path = ComponentsViewController.m; sourceTree = "<group>"; };
		AB41434D198FF6E9006A8847 /* ComponentsViewController.h */ = {isa = PBXFileReference; fileEncoding = 4; lastKnownFileType = sourcecode.c.h; path = ComponentsViewController.h; sourceTree = "<group>"; };
		AB4CFEB418F5D3470052F590 /* Field QA.app */ = {isa = PBXFileReference; explicitFileType = wrapper.application; includeInIndex = 0; path = "Field QA.app"; sourceTree = BUILT_PRODUCTS_DIR; };
		AB4CFEB718F5D3470052F590 /* Foundation.framework */ = {isa = PBXFileReference; lastKnownFileType = wrapper.framework; name = Foundation.framework; path = System/Library/Frameworks/Foundation.framework; sourceTree = SDKROOT; };
		AB4CFEB918F5D3470052F590 /* CoreGraphics.framework */ = {isa = PBXFileReference; lastKnownFileType = wrapper.framework; name = CoreGraphics.framework; path = System/Library/Frameworks/CoreGraphics.framework; sourceTree = SDKROOT; };
		AB4CFEBB18F5D3470052F590 /* UIKit.framework */ = {isa = PBXFileReference; lastKnownFileType = wrapper.framework; name = UIKit.framework; path = System/Library/Frameworks/UIKit.framework; sourceTree = SDKROOT; };
		AB4CFEBD18F5D3470052F590 /* CoreData.framework */ = {isa = PBXFileReference; lastKnownFileType = wrapper.framework; name = CoreData.framework; path = System/Library/Frameworks/CoreData.framework; sourceTree = SDKROOT; };
		AB4CFEC118F5D3470052F590 /* Field QA-Info.plist */ = {isa = PBXFileReference; lastKnownFileType = text.plist.xml; path = "Field QA-Info.plist"; sourceTree = "<group>"; };
		AB4CFEC318F5D3470052F590 /* en */ = {isa = PBXFileReference; lastKnownFileType = text.plist.strings; name = en; path = en.lproj/InfoPlist.strings; sourceTree = "<group>"; };
		AB4CFEC518F5D3470052F590 /* main.m */ = {isa = PBXFileReference; lastKnownFileType = sourcecode.c.objc; path = main.m; sourceTree = "<group>"; };
		AB4CFEC718F5D3470052F590 /* Field QA-Prefix.pch */ = {isa = PBXFileReference; lastKnownFileType = sourcecode.c.h; path = "Field QA-Prefix.pch"; sourceTree = "<group>"; };
		AB4CFEC818F5D3470052F590 /* AppDelegate.h */ = {isa = PBXFileReference; lastKnownFileType = sourcecode.c.h; path = AppDelegate.h; sourceTree = "<group>"; };
		AB4CFEC918F5D3470052F590 /* AppDelegate.m */ = {isa = PBXFileReference; lastKnownFileType = sourcecode.c.objc; path = AppDelegate.m; sourceTree = "<group>"; };
		AB4CFECC18F5D3470052F590 /* Base */ = {isa = PBXFileReference; lastKnownFileType = file.storyboard; name = Base; path = Base.lproj/Main_iPhone.storyboard; sourceTree = "<group>"; };
		AB4CFECF18F5D3470052F590 /* Base */ = {isa = PBXFileReference; lastKnownFileType = file.storyboard; name = Base; path = Base.lproj/Main_iPad.storyboard; sourceTree = "<group>"; };
		AB4CFED218F5D3470052F590 /* Field_QA.xcdatamodel */ = {isa = PBXFileReference; lastKnownFileType = wrapper.xcdatamodel; path = Field_QA.xcdatamodel; sourceTree = "<group>"; };
		AB4CFEDA18F5D3470052F590 /* Images.xcassets */ = {isa = PBXFileReference; lastKnownFileType = folder.assetcatalog; path = Images.xcassets; sourceTree = "<group>"; };
		AB4CFEE018F5D3470052F590 /* Field QATests.xctest */ = {isa = PBXFileReference; explicitFileType = wrapper.cfbundle; includeInIndex = 0; path = "Field QATests.xctest"; sourceTree = BUILT_PRODUCTS_DIR; };
		AB4CFEE118F5D3470052F590 /* XCTest.framework */ = {isa = PBXFileReference; lastKnownFileType = wrapper.framework; name = XCTest.framework; path = Library/Frameworks/XCTest.framework; sourceTree = DEVELOPER_DIR; };
		AB4CFEEA18F5D3470052F590 /* Field QATests-Info.plist */ = {isa = PBXFileReference; lastKnownFileType = text.plist.xml; path = "Field QATests-Info.plist"; sourceTree = "<group>"; };
		AB4CFEEC18F5D3470052F590 /* en */ = {isa = PBXFileReference; lastKnownFileType = text.plist.strings; name = en; path = en.lproj/InfoPlist.strings; sourceTree = "<group>"; };
		AB4CFEEE18F5D3470052F590 /* Field_QATests.m */ = {isa = PBXFileReference; lastKnownFileType = sourcecode.c.objc; path = Field_QATests.m; sourceTree = "<group>"; };
		AB8DDFFD18FF0E47005A1093 /* MasterViewController.h */ = {isa = PBXFileReference; fileEncoding = 4; lastKnownFileType = sourcecode.c.h; path = MasterViewController.h; sourceTree = "<group>"; };
		AB8DDFFE18FF0E47005A1093 /* MasterViewController.m */ = {isa = PBXFileReference; fileEncoding = 4; lastKnownFileType = sourcecode.c.objc; path = MasterViewController.m; sourceTree = "<group>"; };
		AB964A94195DF67100E3F1FD /* DeploymentDetailViewController.h */ = {isa = PBXFileReference; fileEncoding = 4; lastKnownFileType = sourcecode.c.h; path = DeploymentDetailViewController.h; sourceTree = "<group>"; };
		AB964A95195DF67100E3F1FD /* DeploymentDetailViewController.m */ = {isa = PBXFileReference; fileEncoding = 4; lastKnownFileType = sourcecode.c.objc; path = DeploymentDetailViewController.m; sourceTree = "<group>"; };
		AB964A97195DF68100E3F1FD /* SystemDetailViewController.h */ = {isa = PBXFileReference; fileEncoding = 4; lastKnownFileType = sourcecode.c.h; path = SystemDetailViewController.h; sourceTree = "<group>"; };
		AB964A98195DF68100E3F1FD /* SystemDetailViewController.m */ = {isa = PBXFileReference; fileEncoding = 4; lastKnownFileType = sourcecode.c.objc; path = SystemDetailViewController.m; sourceTree = "<group>"; };
		AB964A9A195DF69500E3F1FD /* LogicalDeviceDetailViewController.h */ = {isa = PBXFileReference; fileEncoding = 4; lastKnownFileType = sourcecode.c.h; path = LogicalDeviceDetailViewController.h; sourceTree = "<group>"; };
		AB964A9B195DF69500E3F1FD /* LogicalDeviceDetailViewController.m */ = {isa = PBXFileReference; fileEncoding = 4; lastKnownFileType = sourcecode.c.objc; path = LogicalDeviceDetailViewController.m; sourceTree = "<group>"; };
		ABABC67B194784FA003B37B7 /* NSString+TNNormalize.h */ = {isa = PBXFileReference; fileEncoding = 4; lastKnownFileType = sourcecode.c.h; path = "NSString+TNNormalize.h"; sourceTree = "<group>"; };
		ABABC67C194784FA003B37B7 /* NSString+TNNormalize.m */ = {isa = PBXFileReference; fileEncoding = 4; lastKnownFileType = sourcecode.c.objc; path = "NSString+TNNormalize.m"; sourceTree = "<group>"; };
		ABC6FB4E18FC60B4001E6420 /* ImageToDataTransformer.h */ = {isa = PBXFileReference; fileEncoding = 4; lastKnownFileType = sourcecode.c.h; path = ImageToDataTransformer.h; sourceTree = "<group>"; };
		ABC6FB4F18FC60B4001E6420 /* ImageToDataTransformer.m */ = {isa = PBXFileReference; fileEncoding = 4; lastKnownFileType = sourcecode.c.objc; path = ImageToDataTransformer.m; sourceTree = "<group>"; };
		ABC6FB5A18FC7A9F001E6420 /* TextFieldTableViewCell.h */ = {isa = PBXFileReference; fileEncoding = 4; lastKnownFileType = sourcecode.c.h; path = TextFieldTableViewCell.h; sourceTree = "<group>"; };
		ABC6FB5B18FC7A9F001E6420 /* TextFieldTableViewCell.m */ = {isa = PBXFileReference; fileEncoding = 4; lastKnownFileType = sourcecode.c.objc; path = TextFieldTableViewCell.m; sourceTree = "<group>"; };
		ABC6FB5D18FC7ABD001E6420 /* TextFieldTableViewCell.xib */ = {isa = PBXFileReference; fileEncoding = 4; lastKnownFileType = file.xib; path = TextFieldTableViewCell.xib; sourceTree = "<group>"; };
		ABF5C076195CCAB500F82F9B /* ProjectDetailViewController.h */ = {isa = PBXFileReference; fileEncoding = 4; lastKnownFileType = sourcecode.c.h; path = ProjectDetailViewController.h; sourceTree = "<group>"; };
		ABF5C077195CCAB500F82F9B /* ProjectDetailViewController.m */ = {isa = PBXFileReference; fileEncoding = 4; lastKnownFileType = sourcecode.c.objc; path = ProjectDetailViewController.m; sourceTree = "<group>"; };
		C4CA2515C78B486D9570576B /* libPods.a */ = {isa = PBXFileReference; explicitFileType = archive.ar; includeInIndex = 0; path = libPods.a; sourceTree = BUILT_PRODUCTS_DIR; };
/* End PBXFileReference section */

/* Begin PBXFrameworksBuildPhase section */
		AB4CFEB118F5D3470052F590 /* Frameworks */ = {
			isa = PBXFrameworksBuildPhase;
			buildActionMask = 2147483647;
			files = (
				AB4CFEBA18F5D3470052F590 /* CoreGraphics.framework in Frameworks */,
				AB4CFEBE18F5D3470052F590 /* CoreData.framework in Frameworks */,
				AB4CFEBC18F5D3470052F590 /* UIKit.framework in Frameworks */,
				AB4CFEB818F5D3470052F590 /* Foundation.framework in Frameworks */,
				63BD1AEDE79E4DC1B7FE08B1 /* libPods.a in Frameworks */,
			);
			runOnlyForDeploymentPostprocessing = 0;
		};
		AB4CFEDD18F5D3470052F590 /* Frameworks */ = {
			isa = PBXFrameworksBuildPhase;
			buildActionMask = 2147483647;
			files = (
				AB4CFEE218F5D3470052F590 /* XCTest.framework in Frameworks */,
				AB4CFEE518F5D3470052F590 /* CoreData.framework in Frameworks */,
				AB4CFEE418F5D3470052F590 /* UIKit.framework in Frameworks */,
				AB4CFEE318F5D3470052F590 /* Foundation.framework in Frameworks */,
			);
			runOnlyForDeploymentPostprocessing = 0;
		};
/* End PBXFrameworksBuildPhase section */

/* Begin PBXGroup section */
		AB4CFEAB18F5D3470052F590 = {
			isa = PBXGroup;
			children = (
				AB2317A0195A28D700918745 /* AppledocSettings.plist */,
				AB4CFEBF18F5D3470052F590 /* Field QA */,
				AB4CFEE818F5D3470052F590 /* Field QATests */,
				AB4CFEB618F5D3470052F590 /* Frameworks */,
				AB4CFEB518F5D3470052F590 /* Products */,
				2A6A8C0C7BF34DA58020B80B /* Pods.xcconfig */,
			);
			sourceTree = "<group>";
		};
		AB4CFEB518F5D3470052F590 /* Products */ = {
			isa = PBXGroup;
			children = (
				AB4CFEB418F5D3470052F590 /* Field QA.app */,
				AB4CFEE018F5D3470052F590 /* Field QATests.xctest */,
			);
			name = Products;
			sourceTree = "<group>";
		};
		AB4CFEB618F5D3470052F590 /* Frameworks */ = {
			isa = PBXGroup;
			children = (
				AB4CFEB718F5D3470052F590 /* Foundation.framework */,
				AB4CFEB918F5D3470052F590 /* CoreGraphics.framework */,
				AB4CFEBB18F5D3470052F590 /* UIKit.framework */,
				AB4CFEBD18F5D3470052F590 /* CoreData.framework */,
				AB4CFEE118F5D3470052F590 /* XCTest.framework */,
				C4CA2515C78B486D9570576B /* libPods.a */,
			);
			name = Frameworks;
			sourceTree = "<group>";
		};
		AB4CFEBF18F5D3470052F590 /* Field QA */ = {
			isa = PBXGroup;
			children = (
				AB4CFEC818F5D3470052F590 /* AppDelegate.h */,
				AB4CFEC918F5D3470052F590 /* AppDelegate.m */,
				AB41434D198FF6E9006A8847 /* ComponentsViewController.h */,
				AB41434C198FF6E9006A8847 /* ComponentsViewController.m */,
				AB41434A198FF6E9006A8847 /* CurrentComponentViewController.h */,
				AB41434B198FF6E9006A8847 /* CurrentComponentViewController.m */,
				AB964A94195DF67100E3F1FD /* DeploymentDetailViewController.h */,
				AB964A95195DF67100E3F1FD /* DeploymentDetailViewController.m */,
				AB2317971958EC9500918745 /* DeploymentsViewController.h */,
				AB2317981958EC9500918745 /* DeploymentsViewController.m */,
				AB3B6AB019217BB800E51C7B /* DetailViewController.h */,
				AB3B6AAF19217BB800E51C7B /* DetailViewController.m */,
				AB4CFEDA18F5D3470052F590 /* Images.xcassets */,
				ABC6FB4E18FC60B4001E6420 /* ImageToDataTransformer.h */,
				ABC6FB4F18FC60B4001E6420 /* ImageToDataTransformer.m */,
				AB964A9A195DF69500E3F1FD /* LogicalDeviceDetailViewController.h */,
				AB964A9B195DF69500E3F1FD /* LogicalDeviceDetailViewController.m */,
				AB23179D1958ED0900918745 /* LogicalDevicesViewController.h */,
				AB23179E1958ED0900918745 /* LogicalDevicesViewController.m */,
				AB4CFECE18F5D3470052F590 /* Main_iPad.storyboard */,
				AB4CFECB18F5D3470052F590 /* Main_iPhone.storyboard */,
				AB8DDFFD18FF0E47005A1093 /* MasterViewController.h */,
				AB8DDFFE18FF0E47005A1093 /* MasterViewController.m */,
				AB701242190F0B1200A8E08C /* Model */,
				ABABC67B194784FA003B37B7 /* NSString+TNNormalize.h */,
				ABABC67C194784FA003B37B7 /* NSString+TNNormalize.m */,
				ABF5C076195CCAB500F82F9B /* ProjectDetailViewController.h */,
				ABF5C077195CCAB500F82F9B /* ProjectDetailViewController.m */,
				AB2317941958E8BC00918745 /* ProjectsViewController.h */,
				AB2317951958E8BC00918745 /* ProjectsViewController.m */,
				AB4CFEC018F5D3470052F590 /* Supporting Files */,
				AB964A97195DF68100E3F1FD /* SystemDetailViewController.h */,
				AB964A98195DF68100E3F1FD /* SystemDetailViewController.m */,
				AB23179A1958ECA400918745 /* SystemsViewController.h */,
				AB23179B1958ECA400918745 /* SystemsViewController.m */,
				ABC6FB5A18FC7A9F001E6420 /* TextFieldTableViewCell.h */,
				ABC6FB5B18FC7A9F001E6420 /* TextFieldTableViewCell.m */,
				ABC6FB5D18FC7ABD001E6420 /* TextFieldTableViewCell.xib */,
			);
			path = "Field QA";
			sourceTree = "<group>";
		};
		AB4CFEC018F5D3470052F590 /* Supporting Files */ = {
			isa = PBXGroup;
			children = (
				AB4CFEC118F5D3470052F590 /* Field QA-Info.plist */,
				AB4CFEC218F5D3470052F590 /* InfoPlist.strings */,
				AB4CFEC518F5D3470052F590 /* main.m */,
				AB4CFEC718F5D3470052F590 /* Field QA-Prefix.pch */,
			);
			name = "Supporting Files";
			sourceTree = "<group>";
		};
		AB4CFEE818F5D3470052F590 /* Field QATests */ = {
			isa = PBXGroup;
			children = (
				AB4CFEEE18F5D3470052F590 /* Field_QATests.m */,
				AB4CFEE918F5D3470052F590 /* Supporting Files */,
			);
			path = "Field QATests";
			sourceTree = "<group>";
		};
		AB4CFEE918F5D3470052F590 /* Supporting Files */ = {
			isa = PBXGroup;
			children = (
				AB4CFEEA18F5D3470052F590 /* Field QATests-Info.plist */,
				AB4CFEEB18F5D3470052F590 /* InfoPlist.strings */,
			);
			name = "Supporting Files";
			sourceTree = "<group>";
		};
		AB701242190F0B1200A8E08C /* Model */ = {
			isa = PBXGroup;
			children = (
				AB3B862919105A8000040DD5 /* ServiceEntry.h */,
				AB3B862A19105A8000040DD5 /* ServiceEntry.m */,
				AB3B862619105A8000040DD5 /* Person.h */,
				AB3B862719105A8000040DD5 /* Person.m */,
				AB3B862319105A8000040DD5 /* System.h */,
				AB3B862419105A8000040DD5 /* System.m */,
				AB3B862019105A8000040DD5 /* Project.h */,
				AB3B862119105A8000040DD5 /* Project.m */,
				AB3B861D19105A8000040DD5 /* LogicalDevice.h */,
				AB3B861E19105A8000040DD5 /* LogicalDevice.m */,
				AB3B861A19105A8000040DD5 /* Deployment.h */,
				AB3B861B19105A8000040DD5 /* Deployment.m */,
				AB3B861719105A8000040DD5 /* Component.h */,
				AB3B861819105A8000040DD5 /* Component.m */,
				AB4CFED118F5D3470052F590 /* Field_QA.xcdatamodeld */,
			);
			name = Model;
			sourceTree = "<group>";
		};
/* End PBXGroup section */

/* Begin PBXNativeTarget section */
		AB4CFEB318F5D3470052F590 /* Field QA */ = {
			isa = PBXNativeTarget;
			buildConfigurationList = AB4CFEF218F5D3470052F590 /* Build configuration list for PBXNativeTarget "Field QA" */;
			buildPhases = (
				69920FFFD33C41B49E96042B /* Check Pods Manifest.lock */,
				AB4CFEB018F5D3470052F590 /* Sources */,
				AB4CFEB118F5D3470052F590 /* Frameworks */,
				AB4CFEB218F5D3470052F590 /* Resources */,
				35C5B989705A424BBD31415C /* Copy Pods Resources */,
			);
			buildRules = (
			);
			dependencies = (
			);
			name = "Field QA";
			productName = "Field QA";
			productReference = AB4CFEB418F5D3470052F590 /* Field QA.app */;
			productType = "com.apple.product-type.application";
		};
		AB4CFEDF18F5D3470052F590 /* Field QATests */ = {
			isa = PBXNativeTarget;
			buildConfigurationList = AB4CFEF518F5D3470052F590 /* Build configuration list for PBXNativeTarget "Field QATests" */;
			buildPhases = (
				AB4CFEDC18F5D3470052F590 /* Sources */,
				AB4CFEDD18F5D3470052F590 /* Frameworks */,
				AB4CFEDE18F5D3470052F590 /* Resources */,
			);
			buildRules = (
			);
			dependencies = (
				AB4CFEE718F5D3470052F590 /* PBXTargetDependency */,
			);
			name = "Field QATests";
			productName = "Field QATests";
			productReference = AB4CFEE018F5D3470052F590 /* Field QATests.xctest */;
			productType = "com.apple.product-type.bundle.unit-test";
		};
/* End PBXNativeTarget section */

/* Begin PBXProject section */
		AB4CFEAC18F5D3470052F590 /* Project object */ = {
			isa = PBXProject;
			attributes = {
				LastUpgradeCheck = 0510;
				ORGANIZATIONNAME = "CSE UNR";
				TargetAttributes = {
					AB4CFEB318F5D3470052F590 = {
						DevelopmentTeam = KC289229J8;
					};
					AB4CFEDF18F5D3470052F590 = {
						TestTargetID = AB4CFEB318F5D3470052F590;
					};
				};
			};
			buildConfigurationList = AB4CFEAF18F5D3470052F590 /* Build configuration list for PBXProject "Field QA" */;
			compatibilityVersion = "Xcode 3.2";
			developmentRegion = English;
			hasScannedForEncodings = 0;
			knownRegions = (
				en,
				Base,
			);
			mainGroup = AB4CFEAB18F5D3470052F590;
			productRefGroup = AB4CFEB518F5D3470052F590 /* Products */;
			projectDirPath = "";
			projectRoot = "";
			targets = (
				AB4CFEB318F5D3470052F590 /* Field QA */,
				AB4CFEDF18F5D3470052F590 /* Field QATests */,
			);
		};
/* End PBXProject section */

/* Begin PBXResourcesBuildPhase section */
		AB4CFEB218F5D3470052F590 /* Resources */ = {
			isa = PBXResourcesBuildPhase;
			buildActionMask = 2147483647;
			files = (
				AB4CFED018F5D3470052F590 /* Main_iPad.storyboard in Resources */,
				AB4CFEDB18F5D3470052F590 /* Images.xcassets in Resources */,
				ABC6FB5E18FC7ABD001E6420 /* TextFieldTableViewCell.xib in Resources */,
				AB2317A1195A28D700918745 /* AppledocSettings.plist in Resources */,
				AB4CFECD18F5D3470052F590 /* Main_iPhone.storyboard in Resources */,
				AB4CFEC418F5D3470052F590 /* InfoPlist.strings in Resources */,
			);
			runOnlyForDeploymentPostprocessing = 0;
		};
		AB4CFEDE18F5D3470052F590 /* Resources */ = {
			isa = PBXResourcesBuildPhase;
			buildActionMask = 2147483647;
			files = (
				AB4CFEED18F5D3470052F590 /* InfoPlist.strings in Resources */,
			);
			runOnlyForDeploymentPostprocessing = 0;
		};
/* End PBXResourcesBuildPhase section */

/* Begin PBXShellScriptBuildPhase section */
		35C5B989705A424BBD31415C /* Copy Pods Resources */ = {
			isa = PBXShellScriptBuildPhase;
			buildActionMask = 2147483647;
			files = (
			);
			inputPaths = (
			);
			name = "Copy Pods Resources";
			outputPaths = (
			);
			runOnlyForDeploymentPostprocessing = 0;
			shellPath = /bin/sh;
			shellScript = "\"${SRCROOT}/Pods/Pods-resources.sh\"\n";
			showEnvVarsInLog = 0;
		};
		69920FFFD33C41B49E96042B /* Check Pods Manifest.lock */ = {
			isa = PBXShellScriptBuildPhase;
			buildActionMask = 2147483647;
			files = (
			);
			inputPaths = (
			);
			name = "Check Pods Manifest.lock";
			outputPaths = (
			);
			runOnlyForDeploymentPostprocessing = 0;
			shellPath = /bin/sh;
			shellScript = "diff \"${PODS_ROOT}/../Podfile.lock\" \"${PODS_ROOT}/Manifest.lock\" > /dev/null\nif [[ $? != 0 ]] ; then\n    cat << EOM\nerror: The sandbox is not in sync with the Podfile.lock. Run 'pod install' or update your CocoaPods installation.\nEOM\n    exit 1\nfi\n";
			showEnvVarsInLog = 0;
		};
/* End PBXShellScriptBuildPhase section */

/* Begin PBXSourcesBuildPhase section */
		AB4CFEB018F5D3470052F590 /* Sources */ = {
			isa = PBXSourcesBuildPhase;
			buildActionMask = 2147483647;
			files = (
				AB3B862B19105A8000040DD5 /* ServiceEntry.m in Sources */,
				AB964A9C195DF69500E3F1FD /* LogicalDeviceDetailViewController.m in Sources */,
				AB3B861C19105A8000040DD5 /* Deployment.m in Sources */,
				AB3B861919105A8000040DD5 /* Component.m in Sources */,
				AB23179C1958ECA400918745 /* SystemsViewController.m in Sources */,
				ABC6FB5C18FC7A9F001E6420 /* TextFieldTableViewCell.m in Sources */,
				AB4CFED318F5D3470052F590 /* Field_QA.xcdatamodeld in Sources */,
				AB4CFECA18F5D3470052F590 /* AppDelegate.m in Sources */,
				ABC6FB5018FC60B4001E6420 /* ImageToDataTransformer.m in Sources */,
				AB41434F198FF6E9006A8847 /* ComponentsViewController.m in Sources */,
				AB964A99195DF68100E3F1FD /* SystemDetailViewController.m in Sources */,
				AB3B861F19105A8000040DD5 /* LogicalDevice.m in Sources */,
				ABF5C078195CCAB500F82F9B /* ProjectDetailViewController.m in Sources */,
				AB3B862519105A8000040DD5 /* System.m in Sources */,
				AB2317991958EC9500918745 /* DeploymentsViewController.m in Sources */,
				AB964A96195DF67100E3F1FD /* DeploymentDetailViewController.m in Sources */,
				AB3B862219105A8000040DD5 /* Project.m in Sources */,
				AB41434E198FF6E9006A8847 /* CurrentComponentViewController.m in Sources */,
				AB23179F1958ED0900918745 /* LogicalDevicesViewController.m in Sources */,
				AB3B862819105A8000040DD5 /* Person.m in Sources */,
				ABABC67D194784FA003B37B7 /* NSString+TNNormalize.m in Sources */,
				AB2317961958E8BC00918745 /* ProjectsViewController.m in Sources */,
				AB4CFEC618F5D3470052F590 /* main.m in Sources */,
				AB8DDFFF18FF0E47005A1093 /* MasterViewController.m in Sources */,
				AB3B6AB119217BB800E51C7B /* DetailViewController.m in Sources */,
			);
			runOnlyForDeploymentPostprocessing = 0;
		};
		AB4CFEDC18F5D3470052F590 /* Sources */ = {
			isa = PBXSourcesBuildPhase;
			buildActionMask = 2147483647;
			files = (
				AB4CFEEF18F5D3470052F590 /* Field_QATests.m in Sources */,
			);
			runOnlyForDeploymentPostprocessing = 0;
		};
/* End PBXSourcesBuildPhase section */

/* Begin PBXTargetDependency section */
		AB4CFEE718F5D3470052F590 /* PBXTargetDependency */ = {
			isa = PBXTargetDependency;
			target = AB4CFEB318F5D3470052F590 /* Field QA */;
			targetProxy = AB4CFEE618F5D3470052F590 /* PBXContainerItemProxy */;
		};
/* End PBXTargetDependency section */

/* Begin PBXVariantGroup section */
		AB4CFEC218F5D3470052F590 /* InfoPlist.strings */ = {
			isa = PBXVariantGroup;
			children = (
				AB4CFEC318F5D3470052F590 /* en */,
			);
			name = InfoPlist.strings;
			sourceTree = "<group>";
		};
		AB4CFECB18F5D3470052F590 /* Main_iPhone.storyboard */ = {
			isa = PBXVariantGroup;
			children = (
				AB4CFECC18F5D3470052F590 /* Base */,
			);
			name = Main_iPhone.storyboard;
			sourceTree = "<group>";
		};
		AB4CFECE18F5D3470052F590 /* Main_iPad.storyboard */ = {
			isa = PBXVariantGroup;
			children = (
				AB4CFECF18F5D3470052F590 /* Base */,
			);
			name = Main_iPad.storyboard;
			sourceTree = "<group>";
		};
		AB4CFEEB18F5D3470052F590 /* InfoPlist.strings */ = {
			isa = PBXVariantGroup;
			children = (
				AB4CFEEC18F5D3470052F590 /* en */,
			);
			name = InfoPlist.strings;
			sourceTree = "<group>";
		};
/* End PBXVariantGroup section */

/* Begin XCBuildConfiguration section */
		AB4CFEF018F5D3470052F590 /* Debug */ = {
			isa = XCBuildConfiguration;
			buildSettings = {
				ALWAYS_SEARCH_USER_PATHS = NO;
				CLANG_CXX_LANGUAGE_STANDARD = "gnu++0x";
				CLANG_CXX_LIBRARY = "libc++";
				CLANG_ENABLE_MODULES = YES;
				CLANG_ENABLE_OBJC_ARC = YES;
				CLANG_WARN_BOOL_CONVERSION = YES;
				CLANG_WARN_CONSTANT_CONVERSION = YES;
				CLANG_WARN_DIRECT_OBJC_ISA_USAGE = YES_ERROR;
				CLANG_WARN_EMPTY_BODY = YES;
				CLANG_WARN_ENUM_CONVERSION = YES;
				CLANG_WARN_INT_CONVERSION = YES;
				CLANG_WARN_OBJC_ROOT_CLASS = YES_ERROR;
				CLANG_WARN__DUPLICATE_METHOD_MATCH = YES;
				"CODE_SIGN_IDENTITY[sdk=iphoneos*]" = "iPhone Developer";
				COPY_PHASE_STRIP = NO;
				GCC_C_LANGUAGE_STANDARD = gnu99;
				GCC_DYNAMIC_NO_PIC = NO;
				GCC_OPTIMIZATION_LEVEL = 0;
				GCC_PREPROCESSOR_DEFINITIONS = (
					"DEBUG=1",
					"$(inherited)",
				);
				GCC_SYMBOLS_PRIVATE_EXTERN = NO;
				GCC_WARN_64_TO_32_BIT_CONVERSION = YES;
				GCC_WARN_ABOUT_RETURN_TYPE = YES_ERROR;
				GCC_WARN_UNDECLARED_SELECTOR = YES;
				GCC_WARN_UNINITIALIZED_AUTOS = YES_AGGRESSIVE;
				GCC_WARN_UNUSED_FUNCTION = YES;
				GCC_WARN_UNUSED_VARIABLE = YES;
				IPHONEOS_DEPLOYMENT_TARGET = 7.1;
				ONLY_ACTIVE_ARCH = YES;
				SDKROOT = iphoneos;
				TARGETED_DEVICE_FAMILY = "1,2";
			};
			name = Debug;
		};
		AB4CFEF118F5D3470052F590 /* Release */ = {
			isa = XCBuildConfiguration;
			buildSettings = {
				ALWAYS_SEARCH_USER_PATHS = NO;
				CLANG_CXX_LANGUAGE_STANDARD = "gnu++0x";
				CLANG_CXX_LIBRARY = "libc++";
				CLANG_ENABLE_MODULES = YES;
				CLANG_ENABLE_OBJC_ARC = YES;
				CLANG_WARN_BOOL_CONVERSION = YES;
				CLANG_WARN_CONSTANT_CONVERSION = YES;
				CLANG_WARN_DIRECT_OBJC_ISA_USAGE = YES_ERROR;
				CLANG_WARN_EMPTY_BODY = YES;
				CLANG_WARN_ENUM_CONVERSION = YES;
				CLANG_WARN_INT_CONVERSION = YES;
				CLANG_WARN_OBJC_ROOT_CLASS = YES_ERROR;
				CLANG_WARN__DUPLICATE_METHOD_MATCH = YES;
				"CODE_SIGN_IDENTITY[sdk=iphoneos*]" = "iPhone Developer";
				COPY_PHASE_STRIP = YES;
				ENABLE_NS_ASSERTIONS = NO;
				GCC_C_LANGUAGE_STANDARD = gnu99;
				GCC_WARN_64_TO_32_BIT_CONVERSION = YES;
				GCC_WARN_ABOUT_RETURN_TYPE = YES_ERROR;
				GCC_WARN_UNDECLARED_SELECTOR = YES;
				GCC_WARN_UNINITIALIZED_AUTOS = YES_AGGRESSIVE;
				GCC_WARN_UNUSED_FUNCTION = YES;
				GCC_WARN_UNUSED_VARIABLE = YES;
				IPHONEOS_DEPLOYMENT_TARGET = 7.1;
				SDKROOT = iphoneos;
				TARGETED_DEVICE_FAMILY = "1,2";
				VALIDATE_PRODUCT = YES;
			};
			name = Release;
		};
		AB4CFEF318F5D3470052F590 /* Debug */ = {
			isa = XCBuildConfiguration;
			baseConfigurationReference = 2A6A8C0C7BF34DA58020B80B /* Pods.xcconfig */;
			buildSettings = {
				ASSETCATALOG_COMPILER_APPICON_NAME = AppIcon;
				ASSETCATALOG_COMPILER_LAUNCHIMAGE_NAME = LaunchImage;
				CODE_SIGN_IDENTITY = "iPhone Developer";
				GCC_PRECOMPILE_PREFIX_HEADER = YES;
				GCC_PREFIX_HEADER = "Field QA/Field QA-Prefix.pch";
				INFOPLIST_FILE = "Field QA/Field QA-Info.plist";
				PRODUCT_NAME = "$(TARGET_NAME)";
				TARGETED_DEVICE_FAMILY = 2;
				WRAPPER_EXTENSION = app;
			};
			name = Debug;
		};
		AB4CFEF418F5D3470052F590 /* Release */ = {
			isa = XCBuildConfiguration;
			baseConfigurationReference = 2A6A8C0C7BF34DA58020B80B /* Pods.xcconfig */;
			buildSettings = {
				ASSETCATALOG_COMPILER_APPICON_NAME = AppIcon;
				ASSETCATALOG_COMPILER_LAUNCHIMAGE_NAME = LaunchImage;
				CODE_SIGN_IDENTITY = "iPhone Developer";
				GCC_PRECOMPILE_PREFIX_HEADER = YES;
				GCC_PREFIX_HEADER = "Field QA/Field QA-Prefix.pch";
				INFOPLIST_FILE = "Field QA/Field QA-Info.plist";
				PRODUCT_NAME = "$(TARGET_NAME)";
				TARGETED_DEVICE_FAMILY = 2;
				WRAPPER_EXTENSION = app;
			};
			name = Release;
		};
		AB4CFEF618F5D3470052F590 /* Debug */ = {
			isa = XCBuildConfiguration;
			buildSettings = {
				BUNDLE_LOADER = "$(BUILT_PRODUCTS_DIR)/Field QA.app/Field QA";
				FRAMEWORK_SEARCH_PATHS = (
					"$(SDKROOT)/Developer/Library/Frameworks",
					"$(inherited)",
					"$(DEVELOPER_FRAMEWORKS_DIR)",
				);
				GCC_PRECOMPILE_PREFIX_HEADER = YES;
				GCC_PREFIX_HEADER = "Field QA/Field QA-Prefix.pch";
				GCC_PREPROCESSOR_DEFINITIONS = (
					"DEBUG=1",
					"$(inherited)",
				);
				INFOPLIST_FILE = "Field QATests/Field QATests-Info.plist";
				PRODUCT_NAME = "$(TARGET_NAME)";
				TEST_HOST = "$(BUNDLE_LOADER)";
				WRAPPER_EXTENSION = xctest;
			};
			name = Debug;
		};
		AB4CFEF718F5D3470052F590 /* Release */ = {
			isa = XCBuildConfiguration;
			buildSettings = {
				BUNDLE_LOADER = "$(BUILT_PRODUCTS_DIR)/Field QA.app/Field QA";
				FRAMEWORK_SEARCH_PATHS = (
					"$(SDKROOT)/Developer/Library/Frameworks",
					"$(inherited)",
					"$(DEVELOPER_FRAMEWORKS_DIR)",
				);
				GCC_PRECOMPILE_PREFIX_HEADER = YES;
				GCC_PREFIX_HEADER = "Field QA/Field QA-Prefix.pch";
				INFOPLIST_FILE = "Field QATests/Field QATests-Info.plist";
				PRODUCT_NAME = "$(TARGET_NAME)";
				TEST_HOST = "$(BUNDLE_LOADER)";
				WRAPPER_EXTENSION = xctest;
			};
			name = Release;
		};
/* End XCBuildConfiguration section */

/* Begin XCConfigurationList section */
		AB4CFEAF18F5D3470052F590 /* Build configuration list for PBXProject "Field QA" */ = {
			isa = XCConfigurationList;
			buildConfigurations = (
				AB4CFEF018F5D3470052F590 /* Debug */,
				AB4CFEF118F5D3470052F590 /* Release */,
			);
			defaultConfigurationIsVisible = 0;
			defaultConfigurationName = Release;
		};
		AB4CFEF218F5D3470052F590 /* Build configuration list for PBXNativeTarget "Field QA" */ = {
			isa = XCConfigurationList;
			buildConfigurations = (
				AB4CFEF318F5D3470052F590 /* Debug */,
				AB4CFEF418F5D3470052F590 /* Release */,
			);
			defaultConfigurationIsVisible = 0;
			defaultConfigurationName = Release;
		};
		AB4CFEF518F5D3470052F590 /* Build configuration list for PBXNativeTarget "Field QATests" */ = {
			isa = XCConfigurationList;
			buildConfigurations = (
				AB4CFEF618F5D3470052F590 /* Debug */,
				AB4CFEF718F5D3470052F590 /* Release */,
			);
			defaultConfigurationIsVisible = 0;
			defaultConfigurationName = Release;
		};
/* End XCConfigurationList section */

/* Begin XCVersionGroup section */
		AB4CFED118F5D3470052F590 /* Field_QA.xcdatamodeld */ = {
			isa = XCVersionGroup;
			children = (
				AB4CFED218F5D3470052F590 /* Field_QA.xcdatamodel */,
			);
			currentVersion = AB4CFED218F5D3470052F590 /* Field_QA.xcdatamodel */;
			path = Field_QA.xcdatamodeld;
			sourceTree = "<group>";
			versionGroupType = wrapper.xcdatamodel;
		};
/* End XCVersionGroup section */
	};
	rootObject = AB4CFEAC18F5D3470052F590 /* Project object */;
}
